
Microsoft Visual Studio Solution File, Format Version 12.00
# Visual Studio Version 16
VisualStudioVersion = 16.0.30011.22
MinimumVisualStudioVersion = 10.0.40219.1
Project("{9A19103F-16F7-4668-BE54-9A1E7A4F7556}") = "WebAPI", "WebAPI.csproj", "{680B71B3-9977-4423-AF96-3C796D80E1AA}"
EndProject
Global
	GlobalSection(SolutionConfigurationPlatforms) = preSolution
		Debug|Any CPU = Debug|Any CPU
		Release|Any CPU = Release|Any CPU
	EndGlobalSection
	GlobalSection(ProjectConfigurationPlatforms) = postSolution
		{680B71B3-9977-4423-AF96-3C796D80E1AA}.Debug|Any CPU.ActiveCfg = Debug|Any CPU
		{680B71B3-9977-4423-AF96-3C796D80E1AA}.Debug|Any CPU.Build.0 = Debug|Any CPU
		{680B71B3-9977-4423-AF96-3C796D80E1AA}.Release|Any CPU.ActiveCfg = Release|Any CPU
		{680B71B3-9977-4423-AF96-3C796D80E1AA}.Release|Any CPU.Build.0 = Release|Any CPU
	EndGlobalSection
	GlobalSection(SolutionProperties) = preSolution
		HideSolutionNode = FALSE
	EndGlobalSection
	GlobalSection(ExtensibilityGlobals) = postSolution
		SolutionGuid = {4472A6C5-09B3-4C16-AFC3-3C8173D00D92}
	EndGlobalSection
EndGlobal
